
Microsoft Visual Studio Solution File, Format Version 12.00
# Visual Studio 15
VisualStudioVersion = 15.0.27130.2010
MinimumVisualStudioVersion = 10.0.40219.1
Project("{FAE04EC0-301F-11D3-BF4B-00C04F79EFBC}") = "ThAmCo", "ThAmCo\ThAmCo.csproj", "{4CD3B387-45EF-4567-B078-044D264479AE}"
EndProject
Project("{FAE04EC0-301F-11D3-BF4B-00C04F79EFBC}") = "ThAmCo.Tests", "ThAmCo.Tests\ThAmCo.Tests.csproj", "{166243F5-C2ED-4388-96C0-7D32AA861E01}"
EndProject
Global
	GlobalSection(SolutionConfigurationPlatforms) = preSolution
		Debug|Any CPU = Debug|Any CPU
		Release|Any CPU = Release|Any CPU
	EndGlobalSection
	GlobalSection(ProjectConfigurationPlatforms) = postSolution
		{4CD3B387-45EF-4567-B078-044D264479AE}.Debug|Any CPU.ActiveCfg = Debug|Any CPU
		{4CD3B387-45EF-4567-B078-044D264479AE}.Debug|Any CPU.Build.0 = Debug|Any CPU
		{4CD3B387-45EF-4567-B078-044D264479AE}.Release|Any CPU.ActiveCfg = Release|Any CPU
		{4CD3B387-45EF-4567-B078-044D264479AE}.Release|Any CPU.Build.0 = Release|Any CPU
		{166243F5-C2ED-4388-96C0-7D32AA861E01}.Debug|Any CPU.ActiveCfg = Debug|Any CPU
		{166243F5-C2ED-4388-96C0-7D32AA861E01}.Debug|Any CPU.Build.0 = Debug|Any CPU
		{166243F5-C2ED-4388-96C0-7D32AA861E01}.Release|Any CPU.ActiveCfg = Release|Any CPU
		{166243F5-C2ED-4388-96C0-7D32AA861E01}.Release|Any CPU.Build.0 = Release|Any CPU
	EndGlobalSection
	GlobalSection(SolutionProperties) = preSolution
		HideSolutionNode = FALSE
	EndGlobalSection
	GlobalSection(ExtensibilityGlobals) = postSolution
		SolutionGuid = {9C02ACDF-BB26-4C88-8F20-4B91EEBC9636}
	EndGlobalSection
EndGlobal
